{
  "lockfileVersion": 1,
  "dependencies": {
    "moment": {
      "version": "2.22.2",
      "resolved": "https://registry.npmjs.org/moment/-/moment-2.22.2.tgz",
      "integrity": "sha1-PCV/mDn8DpP/UxSWMiOeuQeD/2Y="
    },
    "vant-weapp": {
      "version": "0.2.0",
      "resolved": "https://registry.npmjs.org/vant-weapp/-/vant-weapp-0.2.0.tgz",
      "integrity": "sha512-eBrvOot18i4cQYUXMQjdODHDUKq96I7Ye9fcj3gc4teFPf7hB+89lf6pyx8qEy0Ku3eBT6R0gGuae9a4b1GnCQ=="
    }
  }
}
